// !$*UTF8*$!
{
	archiveVersion = 1;
	classes = {
	};
	objectVersion = 56;
	objects = {

/* Begin PBXBuildFile section */
		245BF5222934496300E33B3F /* AppDelegate.swift in Sources */ = {isa = PBXBuildFile; fileRef = 245BF5212934496300E33B3F /* AppDelegate.swift */; };
		245BF5242934496300E33B3F /* SceneDelegate.swift in Sources */ = {isa = PBXBuildFile; fileRef = 245BF5232934496300E33B3F /* SceneDelegate.swift */; };
		245BF5262934496300E33B3F /* ViewController.swift in Sources */ = {isa = PBXBuildFile; fileRef = 245BF5252934496300E33B3F /* ViewController.swift */; };
		245BF5292934496300E33B3F /* Main.storyboard in Resources */ = {isa = PBXBuildFile; fileRef = 245BF5272934496300E33B3F /* Main.storyboard */; };
		245BF52B2934496500E33B3F /* Assets.xcassets in Resources */ = {isa = PBXBuildFile; fileRef = 245BF52A2934496500E33B3F /* Assets.xcassets */; };
		245BF52E2934496500E33B3F /* LaunchScreen.storyboard in Resources */ = {isa = PBXBuildFile; fileRef = 245BF52C2934496500E33B3F /* LaunchScreen.storyboard */; };
		245BF538293449D400E33B3F /* botaogerar-pressionado.png in Resources */ = {isa = PBXBuildFile; fileRef = 245BF535293449D400E33B3F /* botaogerar-pressionado.png */; };
		245BF539293449D400E33B3F /* botaogerar.png in Resources */ = {isa = PBXBuildFile; fileRef = 245BF536293449D400E33B3F /* botaogerar.png */; };
		245BF53A293449D400E33B3F /* logo.png in Resources */ = {isa = PBXBuildFile; fileRef = 245BF537293449D400E33B3F /* logo.png */; };
/* End PBXBuildFile section */

/* Begin PBXFileReference section */
		245BF51E2934496300E33B3F /* App Sorteio.app */ = {isa = PBXFileReference; explicitFileType = wrapper.application; includeInIndex = 0; path = "App Sorteio.app"; sourceTree = BUILT_PRODUCTS_DIR; };
		245BF5212934496300E33B3F /* AppDelegate.swift */ = {isa = PBXFileReference; lastKnownFileType = sourcecode.swift; path = AppDelegate.swift; sourceTree = "<group>"; };
		245BF5232934496300E33B3F /* SceneDelegate.swift */ = {isa = PBXFileReference; lastKnownFileType = sourcecode.swift; path = SceneDelegate.swift; sourceTree = "<group>"; };
		245BF5252934496300E33B3F /* ViewController.swift */ = {isa = PBXFileReference; lastKnownFileType = sourcecode.swift; path = ViewController.swift; sourceTree = "<group>"; };
		245BF5282934496300E33B3F /* Base */ = {isa = PBXFileReference; lastKnownFileType = file.storyboard; name = Base; path = Base.lproj/Main.storyboard; sourceTree = "<group>"; };
		245BF52A2934496500E33B3F /* Assets.xcassets */ = {isa = PBXFileReference; lastKnownFileType = folder.assetcatalog; path = Assets.xcassets; sourceTree = "<group>"; };
		245BF52D2934496500E33B3F /* Base */ = {isa = PBXFileReference; lastKnownFileType = file.storyboard; name = Base; path = Base.lproj/LaunchScreen.storyboard; sourceTree = "<group>"; };
		245BF52F2934496500E33B3F /* Info.plist */ = {isa = PBXFileReference; lastKnownFileType = text.plist.xml; path = Info.plist; sourceTree = "<group>"; };
		245BF535293449D400E33B3F /* botaogerar-pressionado.png */ = {isa = PBXFileReference; lastKnownFileType = image.png; path = "botaogerar-pressionado.png"; sourceTree = "<group>"; };
		245BF536293449D400E33B3F /* botaogerar.png */ = {isa = PBXFileReference; lastKnownFileType = image.png; path = botaogerar.png; sourceTree = "<group>"; };
		245BF537293449D400E33B3F /* logo.png */ = {isa = PBXFileReference; lastKnownFileType = image.png; path = logo.png; sourceTree = "<group>"; };
/* End PBXFileReference section */

/* Begin PBXFrameworksBuildPhase section */
		245BF51B2934496300E33B3F /* Frameworks */ = {
			isa = PBXFrameworksBuildPhase;
			buildActionMask = 2147483647;
			files = (
			);
			runOnlyForDeploymentPostprocessing = 0;
		};
/* End PBXFrameworksBuildPhase section */

/* Begin PBXGroup section */
		245BF5152934496300E33B3F = {
			isa = PBXGroup;
			children = (
				245BF5202934496300E33B3F /* App Sorteio */,
				245BF51F2934496300E33B3F /* Products */,
			);
			sourceTree = "<group>";
		};
		245BF51F2934496300E33B3F /* Products */ = {
			isa = PBXGroup;
			children = (
				245BF51E2934496300E33B3F /* App Sorteio.app */,
			);
			name = Products;
			sourceTree = "<group>";
		};
		245BF5202934496300E33B3F /* App Sorteio */ = {
			isa = PBXGroup;
			children = (
				245BF5212934496300E33B3F /* AppDelegate.swift */,
				245BF5232934496300E33B3F /* SceneDelegate.swift */,
				245BF5252934496300E33B3F /* ViewController.swift */,
				245BF5272934496300E33B3F /* Main.storyboard */,
				245BF535293449D400E33B3F /* botaogerar-pressionado.png */,
				245BF536293449D400E33B3F /* botaogerar.png */,
				245BF537293449D400E33B3F /* logo.png */,
				245BF52A2934496500E33B3F /* Assets.xcassets */,
				245BF52C2934496500E33B3F /* LaunchScreen.storyboard */,
				245BF52F2934496500E33B3F /* Info.plist */,
			);
			path = "App Sorteio";
			sourceTree = "<group>";
		};
/* End PBXGroup section */

/* Begin PBXNativeTarget section */
		245BF51D2934496300E33B3F /* App Sorteio */ = {
			isa = PBXNativeTarget;
			buildConfigurationList = 245BF5322934496500E33B3F /* Build configuration list for PBXNativeTarget "App Sorteio" */;
			buildPhases = (
				245BF51A2934496300E33B3F /* Sources */,
				245BF51B2934496300E33B3F /* Frameworks */,
				245BF51C2934496300E33B3F /* Resources */,
			);
			buildRules = (
			);
			dependencies = (
			);
			name = "App Sorteio";
			productName = "App Sorteio";
			productReference = 245BF51E2934496300E33B3F /* App Sorteio.app */;
			productType = "com.apple.product-type.application";
		};
/* End PBXNativeTarget section */

/* Begin PBXProject section */
		245BF5162934496300E33B3F /* Project object */ = {
			isa = PBXProject;
			attributes = {
				BuildIndependentTargetsInParallel = 1;
				LastSwiftUpdateCheck = 1400;
				LastUpgradeCheck = 1400;
				TargetAttributes = {
					245BF51D2934496300E33B3F = {
						CreatedOnToolsVersion = 14.0.1;
					};
				};
			};
			buildConfigurationList = 245BF5192934496300E33B3F /* Build configuration list for PBXProject "App Sorteio" */;
			compatibilityVersion = "Xcode 14.0";
			developmentRegion = en;
			hasScannedForEncodings = 0;
			knownRegions = (
				en,
				Base,
			);
			mainGroup = 245BF5152934496300E33B3F;
			productRefGroup = 245BF51F2934496300E33B3F /* Products */;
			projectDirPath = "";
			projectRoot = "";
			targets = (
				245BF51D2934496300E33B3F /* App Sorteio */,
			);
		};
/* End PBXProject section */

/* Begin PBXResourcesBuildPhase section */
		245BF51C2934496300E33B3F /* Resources */ = {
			isa = PBXResourcesBuildPhase;
			buildActionMask = 2147483647;
			files = (
				245BF52E2934496500E33B3F /* LaunchScreen.storyboard in Resources */,
				245BF52B2934496500E33B3F /* Assets.xcassets in Resources */,
				245BF53A293449D400E33B3F /* logo.png in Resources */,
				245BF539293449D400E33B3F /* botaogerar.png in Resources */,
				245BF5292934496300E33B3F /* Main.storyboard in Resources */,
				245BF538293449D400E33B3F /* botaogerar-pressionado.png in Resources */,
			);
			runOnlyForDeploymentPostprocessing = 0;
		};
/* End PBXResourcesBuildPhase section */

/* Begin PBXSourcesBuildPhase section */
		245BF51A2934496300E33B3F /* Sources */ = {
			isa = PBXSourcesBuildPhase;
			buildActionMask = 2147483647;
			files = (
				245BF5262934496300E33B3F /* ViewController.swift in Sources */,
				245BF5222934496300E33B3F /* AppDelegate.swift in Sources */,
				245BF5242934496300E33B3F /* SceneDelegate.swift in Sources */,
			);
			runOnlyForDeploymentPostprocessing = 0;
		};
/* End PBXSourcesBuildPhase section */

/* Begin PBXVariantGroup section */
		245BF5272934496300E33B3F /* Main.storyboard */ = {
			isa = PBXVariantGroup;
			children = (
				245BF5282934496300E33B3F /* Base */,
			);
			name = Main.storyboard;
			sourceTree = "<group>";
		};
		245BF52C2934496500E33B3F /* LaunchScreen.storyboard */ = {
			isa = PBXVariantGroup;
			children = (
				245BF52D2934496500E33B3F /* Base */,
			);
			name = LaunchScreen.storyboard;
			sourceTree = "<group>";
		};
/* End PBXVariantGroup section */

/* Begin XCBuildConfiguration section */
		245BF5302934496500E33B3F /* Debug */ = {
			isa = XCBuildConfiguration;
			buildSettings = {
				ALWAYS_SEARCH_USER_PATHS = NO;
				CLANG_ANALYZER_NONNULL = YES;
				CLANG_ANALYZER_NUMBER_OBJECT_CONVERSION = YES_AGGRESSIVE;
				CLANG_CXX_LANGUAGE_STANDARD = "gnu++20";
				CLANG_ENABLE_MODULES = YES;
				CLANG_ENABLE_OBJC_ARC = YES;
				CLANG_ENABLE_OBJC_WEAK = YES;
				CLANG_WARN_BLOCK_CAPTURE_AUTORELEASING = YES;
				CLANG_WARN_BOOL_CONVERSION = YES;
				CLANG_WARN_COMMA = YES;
				CLANG_WARN_CONSTANT_CONVERSION = YES;
				CLANG_WARN_DEPRECATED_OBJC_IMPLEMENTATIONS = YES;
				CLANG_WARN_DIRECT_OBJC_ISA_USAGE = YES_ERROR;
				CLANG_WARN_DOCUMENTATION_COMMENTS = YES;
				CLANG_WARN_EMPTY_BODY = YES;
				CLANG_WARN_ENUM_CONVERSION = YES;
				CLANG_WARN_INFINITE_RECURSION = YES;
				CLANG_WARN_INT_CONVERSION = YES;
				CLANG_WARN_NON_LITERAL_NULL_CONVERSION = YES;
				CLANG_WARN_OBJC_IMPLICIT_RETAIN_SELF = YES;
				CLANG_WARN_OBJC_LITERAL_CONVERSION = YES;
				CLANG_WARN_OBJC_ROOT_CLASS = YES_ERROR;
				CLANG_WARN_QUOTED_INCLUDE_IN_FRAMEWORK_HEADER = YES;
				CLANG_WARN_RANGE_LOOP_ANALYSIS = YES;
				CLANG_WARN_STRICT_PROTOTYPES = YES;
				CLANG_WARN_SUSPICIOUS_MOVE = YES;
				CLANG_WARN_UNGUARDED_AVAILABILITY = YES_AGGRESSIVE;
				CLANG_WARN_UNREACHABLE_CODE = YES;
				CLANG_WARN__DUPLICATE_METHOD_MATCH = YES;
				COPY_PHASE_STRIP = NO;
				DEBUG_INFORMATION_FORMAT = dwarf;
				ENABLE_STRICT_OBJC_MSGSEND = YES;
				ENABLE_TESTABILITY = YES;
				GCC_C_LANGUAGE_STANDARD = gnu11;
				GCC_DYNAMIC_NO_PIC = NO;
				GCC_NO_COMMON_BLOCKS = YES;
				GCC_OPTIMIZATION_LEVEL = 0;
				GCC_PREPROCESSOR_DEFINITIONS = (
					"DEBUG=1",
					"$(inherited)",
				);
				GCC_WARN_64_TO_32_BIT_CONVERSION = YES;
				GCC_WARN_ABOUT_RETURN_TYPE = YES_ERROR;
				GCC_WARN_UNDECLARED_SELECTOR = YES;
				GCC_WARN_UNINITIALIZED_AUTOS = YES_AGGRESSIVE;
				GCC_WARN_UNUSED_FUNCTION = YES;
				GCC_WARN_UNUSED_VARIABLE = YES;
				IPHONEOS_DEPLOYMENT_TARGET = 16.0;
				MTL_ENABLE_DEBUG_INFO = INCLUDE_SOURCE;
				MTL_FAST_MATH = YES;
				ONLY_ACTIVE_ARCH = YES;
				SDKROOT = iphoneos;
				SWIFT_ACTIVE_COMPILATION_CONDITIONS = DEBUG;
				SWIFT_OPTIMIZATION_LEVEL = "-Onone";
			};
			name = Debug;
		};
		245BF5312934496500E33B3F /* Release */ = {
			isa = XCBuildConfiguration;
			buildSettings = {
				ALWAYS_SEARCH_USER_PATHS = NO;
				CLANG_ANALYZER_NONNULL = YES;
				CLANG_ANALYZER_NUMBER_OBJECT_CONVERSION = YES_AGGRESSIVE;
				CLANG_CXX_LANGUAGE_STANDARD = "gnu++20";
				CLANG_ENABLE_MODULES = YES;
				CLANG_ENABLE_OBJC_ARC = YES;
				CLANG_ENABLE_OBJC_WEAK = YES;
				CLANG_WARN_BLOCK_CAPTURE_AUTORELEASING = YES;
				CLANG_WARN_BOOL_CONVERSION = YES;
				CLANG_WARN_COMMA = YES;
				CLANG_WARN_CONSTANT_CONVERSION = YES;
				CLANG_WARN_DEPRECATED_OBJC_IMPLEMENTATIONS = YES;
				CLANG_WARN_DIRECT_OBJC_ISA_USAGE = YES_ERROR;
				CLANG_WARN_DOCUMENTATION_COMMENTS = YES;
				CLANG_WARN_EMPTY_BODY = YES;
				CLANG_WARN_ENUM_CONVERSION = YES;
				CLANG_WARN_INFINITE_RECURSION = YES;
				CLANG_WARN_INT_CONVERSION = YES;
				CLANG_WARN_NON_LITERAL_NULL_CONVERSION = YES;
				CLANG_WARN_OBJC_IMPLICIT_RETAIN_SELF = YES;
				CLANG_WARN_OBJC_LITERAL_CONVERSION = YES;
				CLANG_WARN_OBJC_ROOT_CLASS = YES_ERROR;
				CLANG_WARN_QUOTED_INCLUDE_IN_FRAMEWORK_HEADER = YES;
				CLANG_WARN_RANGE_LOOP_ANALYSIS = YES;
				CLANG_WARN_STRICT_PROTOTYPES = YES;
				CLANG_WARN_SUSPICIOUS_MOVE = YES;
				CLANG_WARN_UNGUARDED_AVAILABILITY = YES_AGGRESSIVE;
				CLANG_WARN_UNREACHABLE_CODE = YES;
				CLANG_WARN__DUPLICATE_METHOD_MATCH = YES;
				COPY_PHASE_STRIP = NO;
				DEBUG_INFORMATION_FORMAT = "dwarf-with-dsym";
				ENABLE_NS_ASSERTIONS = NO;
				ENABLE_STRICT_OBJC_MSGSEND = YES;
				GCC_C_LANGUAGE_STANDARD = gnu11;
				GCC_NO_COMMON_BLOCKS = YES;
				GCC_WARN_64_TO_32_BIT_CONVERSION = YES;
				GCC_WARN_ABOUT_RETURN_TYPE = YES_ERROR;
				GCC_WARN_UNDECLARED_SELECTOR = YES;
				GCC_WARN_UNINITIALIZED_AUTOS = YES_AGGRESSIVE;
				GCC_WARN_UNUSED_FUNCTION = YES;
				GCC_WARN_UNUSED_VARIABLE = YES;
				IPHONEOS_DEPLOYMENT_TARGET = 16.0;
				MTL_ENABLE_DEBUG_INFO = NO;
				MTL_FAST_MATH = YES;
				SDKROOT = iphoneos;
				SWIFT_COMPILATION_MODE = wholemodule;
				SWIFT_OPTIMIZATION_LEVEL = "-O";
				VALIDATE_PRODUCT = YES;
			};
			name = Release;
		};
		245BF5332934496500E33B3F /* Debug */ = {
			isa = XCBuildConfiguration;
			buildSettings = {
				ASSETCATALOG_COMPILER_APPICON_NAME = AppIcon;
				ASSETCATALOG_COMPILER_GLOBAL_ACCENT_COLOR_NAME = AccentColor;
				CODE_SIGN_STYLE = Automatic;
				CURRENT_PROJECT_VERSION = 1;
				DEVELOPMENT_TEAM = 56NW34RY56;
				GENERATE_INFOPLIST_FILE = YES;
				INFOPLIST_FILE = "App Sorteio/Info.plist";
				INFOPLIST_KEY_UIApplicationSupportsIndirectInputEvents = YES;
				INFOPLIST_KEY_UILaunchStoryboardName = LaunchScreen;
				INFOPLIST_KEY_UIMainStoryboardFile = Main;
				INFOPLIST_KEY_UISupportedInterfaceOrientations_iPad = "UIInterfaceOrientationPortrait UIInterfaceOrientationPortraitUpsideDown UIInterfaceOrientationLandscapeLeft UIInterfaceOrientationLandscapeRight";
				INFOPLIST_KEY_UISupportedInterfaceOrientations_iPhone = "UIInterfaceOrientationPortrait UIInterfaceOrientationLandscapeLeft UIInterfaceOrientationLandscapeRight";
				LD_RUNPATH_SEARCH_PATHS = (
					"$(inherited)",
					"@executable_path/Frameworks",
				);
				MARKETING_VERSION = 1.0;
				PRODUCT_BUNDLE_IDENTIFIER = "thalytasouza.App-Sorteio";
				PRODUCT_NAME = "$(TARGET_NAME)";
				SWIFT_EMIT_LOC_STRINGS = YES;
				SWIFT_VERSION = 5.0;
				TARGETED_DEVICE_FAMILY = "1,2";
			};
			name = Debug;
		};
		245BF5342934496500E33B3F /* Release */ = {
			isa = XCBuildConfiguration;
			buildSettings = {
				ASSETCATALOG_COMPILER_APPICON_NAME = AppIcon;
				ASSETCATALOG_COMPILER_GLOBAL_ACCENT_COLOR_NAME = AccentColor;
				CODE_SIGN_STYLE = Automatic;
				CURRENT_PROJECT_VERSION = 1;
				DEVELOPMENT_TEAM = 56NW34RY56;
				GENERATE_INFOPLIST_FILE = YES;
				INFOPLIST_FILE = "App Sorteio/Info.plist";
				INFOPLIST_KEY_UIApplicationSupportsIndirectInputEvents = YES;
				INFOPLIST_KEY_UILaunchStoryboardName = LaunchScreen;
				INFOPLIST_KEY_UIMainStoryboardFile = Main;
				INFOPLIST_KEY_UISupportedInterfaceOrientations_iPad = "UIInterfaceOrientationPortrait UIInterfaceOrientationPortraitUpsideDown UIInterfaceOrientationLandscapeLeft UIInterfaceOrientationLandscapeRight";
				INFOPLIST_KEY_UISupportedInterfaceOrientations_iPhone = "UIInterfaceOrientationPortrait UIInterfaceOrientationLandscapeLeft UIInterfaceOrientationLandscapeRight";
				LD_RUNPATH_SEARCH_PATHS = (
					"$(inherited)",
					"@executable_path/Frameworks",
				);
				MARKETING_VERSION = 1.0;
				PRODUCT_BUNDLE_IDENTIFIER = "thalytasouza.App-Sorteio";
				PRODUCT_NAME = "$(TARGET_NAME)";
				SWIFT_EMIT_LOC_STRINGS = YES;
				SWIFT_VERSION = 5.0;
				TARGETED_DEVICE_FAMILY = "1,2";
			};
			name = Release;
		};
/* End XCBuildConfiguration section */

/* Begin XCConfigurationList section */
		245BF5192934496300E33B3F /* Build configuration list for PBXProject "App Sorteio" */ = {
			isa = XCConfigurationList;
			buildConfigurations = (
				245BF5302934496500E33B3F /* Debug */,
				245BF5312934496500E33B3F /* Release */,
			);
			defaultConfigurationIsVisible = 0;
			defaultConfigurationName = Release;
		};
		245BF5322934496500E33B3F /* Build configuration list for PBXNativeTarget "App Sorteio" */ = {
			isa = XCConfigurationList;
			buildConfigurations = (
				245BF5332934496500E33B3F /* Debug */,
				245BF5342934496500E33B3F /* Release */,
			);
			defaultConfigurationIsVisible = 0;
			defaultConfigurationName = Release;
		};
/* End XCConfigurationList section */
	};
	rootObject = 245BF5162934496300E33B3F /* Project object */;
}
